
Microsoft Visual Studio Solution File, Format Version 12.00
# Visual Studio Version 16
VisualStudioVersion = 16.0.30503.244
MinimumVisualStudioVersion = 10.0.40219.1
Project("{FAE04EC0-301F-11D3-BF4B-00C04F79EFBC}") = "Dream.WebApi", "Dream.WebApi\Dream.WebApi.csproj", "{9B141B01-771D-4BDF-887E-DE6ACE1026A7}"
EndProject
Global
	GlobalSection(SolutionConfigurationPlatforms) = preSolution
		Debug|Any CPU = Debug|Any CPU
		Release|Any CPU = Release|Any CPU
	EndGlobalSection
	GlobalSection(ProjectConfigurationPlatforms) = postSolution
		{9B141B01-771D-4BDF-887E-DE6ACE1026A7}.Debug|Any CPU.ActiveCfg = Debug|Any CPU
		{9B141B01-771D-4BDF-887E-DE6ACE1026A7}.Debug|Any CPU.Build.0 = Debug|Any CPU
		{9B141B01-771D-4BDF-887E-DE6ACE1026A7}.Release|Any CPU.ActiveCfg = Release|Any CPU
		{9B141B01-771D-4BDF-887E-DE6ACE1026A7}.Release|Any CPU.Build.0 = Release|Any CPU
	EndGlobalSection
	GlobalSection(SolutionProperties) = preSolution
		HideSolutionNode = FALSE
	EndGlobalSection
	GlobalSection(ExtensibilityGlobals) = postSolution
		SolutionGuid = {DD721CF2-AD07-47B1-BBD1-DAED59C83E53}
	EndGlobalSection
EndGlobal
